{
  "pins" : [
    {
      "identity" : "activityindicatorview",
      "kind" : "remoteSourceControl",
      "location" : "https://github.com/exyte/ActivityIndicatorView",
      "state" : {
        "revision" : "0fb57e69b6130b4beb8ba49eaafe13563f2f6bd6",
        "version" : "1.1.0"
      }
    },
    {
      "identity" : "emojipicker",
      "kind" : "remoteSourceControl",
      "location" : "https://github.com/pxlshpr/EmojiPicker",
      "state" : {
        "revision" : "06245cff8ffebdcfaa17cb493d816288d20ef273",
        "version" : "0.0.22"
      }
    },
    {
      "identity" : "foodlabel",
      "kind" : "remoteSourceControl",
      "location" : "https://github.com/pxlshpr/FoodLabel",
      "state" : {
        "revision" : "3cd95ff3be2a3ca45095dcbd6c3eeb15ca7fc32f",
        "version" : "0.0.29"
      }
    },
    {
      "identity" : "foodlabelcamera",
      "kind" : "remoteSourceControl",
      "location" : "https://github.com/pxlshpr/FoodLabelCamera",
      "state" : {
        "revision" : "da38f7120106f697e1f6838946fc622ee47c7f7c",
        "version" : "0.0.20"
      }
    },
    {
      "identity" : "foodlabelscanner",
      "kind" : "remoteSourceControl",
      "location" : "https://github.com/pxlshpr/FoodLabelScanner",
      "state" : {
        "revision" : "8b6af10146252411113a069c6e8d5f4aa3531082",
        "version" : "0.0.82"
      }
    },
    {
      "identity" : "mfpscraper",
      "kind" : "remoteSourceControl",
      "location" : "https://github.com/pxlshpr/MFPScraper",
      "state" : {
        "revision" : "02e0dc6ab7b54f1f69b23dd64fd4250d80db4e67",
        "version" : "0.0.62"
      }
    },
    {
      "identity" : "mfpsearch",
      "kind" : "remoteSourceControl",
      "location" : "https://github.com/pxlshpr/MFPSearch",
      "state" : {
        "revision" : "59269ef0b0a35b5b43f6eb62ee2b045592be561e",
        "version" : "0.0.15"
      }
    },
    {
      "identity" : "namepicker",
      "kind" : "remoteSourceControl",
      "location" : "https://github.com/pxlshpr/NamePicker",
      "state" : {
        "revision" : "1572246467af87895149646e28bdb53b96f42cd1",
        "version" : "0.0.20"
      }
    },
    {
      "identity" : "prepdatatypes",
      "kind" : "remoteSourceControl",
      "location" : "https://github.com/pxlshpr/PrepDataTypes",
      "state" : {
        "revision" : "0249a009c2e4624d6a607198f9319e20437cdc0d",
        "version" : "0.0.211"
      }
    },
    {
      "identity" : "prepmocks",
      "kind" : "remoteSourceControl",
      "location" : "https://github.com/pxlshpr/PrepMocks",
      "state" : {
        "revision" : "ecf161115522677d7b28a47f7bf2b4ac50831251",
        "version" : "0.0.3"
      }
    },
    {
      "identity" : "prepnetworkcontroller",
      "kind" : "remoteSourceControl",
      "location" : "https://github.com/pxlshpr/PrepNetworkController",
      "state" : {
        "revision" : "5e98cc0795c25d06c5148fde96f1becff292cad4",
        "version" : "0.0.22"
      }
    },
    {
      "identity" : "prepviews",
      "kind" : "remoteSourceControl",
      "location" : "https://github.com/pxlshpr/PrepViews",
      "state" : {
        "revision" : "39078eb238995cb3cf8c3c3f88db47549c51bbf6",
        "version" : "0.0.124"
      }
    },
    {
      "identity" : "rsbarcodes_swift",
      "kind" : "remoteSourceControl",
      "location" : "https://github.com/yeahdongcn/RSBarcodes_Swift",
      "state" : {
        "revision" : "86d8b1a1439e7edb19793d17732b15fd784a0a15",
        "version" : "5.1.1"
      }
    },
    {
      "identity" : "swifthaptics",
      "kind" : "remoteSourceControl",
      "location" : "https://github.com/pxlshpr/SwiftHaptics",
      "state" : {
        "revision" : "c3069ce1390e5562b2d2c0e4ffed5a1b4e9aba54",
        "version" : "0.1.3"
      }
    },
    {
      "identity" : "swiftsoup",
      "kind" : "remoteSourceControl",
      "location" : "https://github.com/scinfu/SwiftSoup",
      "state" : {
        "revision" : "6778575285177365cbad3e5b8a72f2a20583cfec",
        "version" : "2.4.3"
      }
    },
    {
      "identity" : "swiftsugar",
      "kind" : "remoteSourceControl",
      "location" : "https://github.com/pxlshpr/SwiftSugar",
      "state" : {
        "revision" : "080d38c0cb15782a1b24ae9ba1ff2163b0e196cb",
        "version" : "0.0.86"
      }
    },
    {
      "identity" : "swiftuicamera",
      "kind" : "remoteSourceControl",
      "location" : "https://github.com/pxlshpr/SwiftUICamera",
      "state" : {
        "revision" : "dae4323f90b8f1fce72e35e12ac67eb6ac1b0226",
        "version" : "0.0.35"
      }
    },
    {
      "identity" : "swiftuipager",
      "kind" : "remoteSourceControl",
      "location" : "https://github.com/fermoya/SwiftUIPager",
      "state" : {
        "revision" : "4ddc04c801aac143090bb14cf26603a3bf9c74cb",
        "version" : "2.5.0"
      }
    },
    {
      "identity" : "swiftuisugar",
      "kind" : "remoteSourceControl",
      "location" : "https://github.com/pxlshpr/SwiftUISugar",
      "state" : {
        "revision" : "8a268c9ce9b1f6f53376a99d0807b22b7d142790",
        "version" : "0.0.235"
      }
    },
    {
      "identity" : "visionsugar",
      "kind" : "remoteSourceControl",
      "location" : "https://github.com/pxlshpr/VisionSugar",
      "state" : {
        "revision" : "f6fecd75f07cbb1bb9e0eb7b090bb79de7db8215",
        "version" : "0.0.75"
      }
    },
    {
      "identity" : "zoomablescrollview",
      "kind" : "remoteSourceControl",
      "location" : "https://github.com/pxlshpr/ZoomableScrollView",
      "state" : {
        "revision" : "72fb8a7b3cf53763ea904439ad380fbdf1323808",
        "version" : "0.0.39"
      }
    }
  ],
  "version" : 2
}
